// !$*UTF8*$!
{
	archiveVersion = 1;
	classes = {
	};
	objectVersion = 46;
	objects = {

/* Begin PBXBuildFile section */
		834F5BA21C82071700183766 /* AppDelegate.swift in Sources */ = {isa = PBXBuildFile; fileRef = 834F5BA11C82071700183766 /* AppDelegate.swift */; };
		834F5BA41C82071700183766 /* ViewController.swift in Sources */ = {isa = PBXBuildFile; fileRef = 834F5BA31C82071700183766 /* ViewController.swift */; };
		834F5BA71C82071700183766 /* Main.storyboard in Resources */ = {isa = PBXBuildFile; fileRef = 834F5BA51C82071700183766 /* Main.storyboard */; };
		834F5BAA1C82071700183766 /* Tip2.xcdatamodeld in Sources */ = {isa = PBXBuildFile; fileRef = 834F5BA81C82071700183766 /* Tip2.xcdatamodeld */; };
		834F5BAC1C82071700183766 /* Assets.xcassets in Resources */ = {isa = PBXBuildFile; fileRef = 834F5BAB1C82071700183766 /* Assets.xcassets */; };
		834F5BAF1C82071700183766 /* LaunchScreen.storyboard in Resources */ = {isa = PBXBuildFile; fileRef = 834F5BAD1C82071700183766 /* LaunchScreen.storyboard */; };
		834F5BB71C8207D900183766 /* SettingsViewController.swift in Sources */ = {isa = PBXBuildFile; fileRef = 834F5BB61C8207D900183766 /* SettingsViewController.swift */; };
/* End PBXBuildFile section */

/* Begin PBXFileReference section */
		834F5B9E1C82071700183766 /* Tip2.app */ = {isa = PBXFileReference; explicitFileType = wrapper.application; includeInIndex = 0; path = Tip2.app; sourceTree = BUILT_PRODUCTS_DIR; };
		834F5BA11C82071700183766 /* AppDelegate.swift */ = {isa = PBXFileReference; lastKnownFileType = sourcecode.swift; path = AppDelegate.swift; sourceTree = "<group>"; };
		834F5BA31C82071700183766 /* ViewController.swift */ = {isa = PBXFileReference; lastKnownFileType = sourcecode.swift; path = ViewController.swift; sourceTree = "<group>"; };
		834F5BA61C82071700183766 /* Base */ = {isa = PBXFileReference; lastKnownFileType = file.storyboard; name = Base; path = Base.lproj/Main.storyboard; sourceTree = "<group>"; };
		834F5BA91C82071700183766 /* Tip2.xcdatamodel */ = {isa = PBXFileReference; lastKnownFileType = wrapper.xcdatamodel; path = Tip2.xcdatamodel; sourceTree = "<group>"; };
		834F5BAB1C82071700183766 /* Assets.xcassets */ = {isa = PBXFileReference; lastKnownFileType = folder.assetcatalog; path = Assets.xcassets; sourceTree = "<group>"; };
		834F5BAE1C82071700183766 /* Base */ = {isa = PBXFileReference; lastKnownFileType = file.storyboard; name = Base; path = Base.lproj/LaunchScreen.storyboard; sourceTree = "<group>"; };
		834F5BB01C82071700183766 /* Info.plist */ = {isa = PBXFileReference; lastKnownFileType = text.plist.xml; path = Info.plist; sourceTree = "<group>"; };
		834F5BB61C8207D900183766 /* SettingsViewController.swift */ = {isa = PBXFileReference; fileEncoding = 4; lastKnownFileType = sourcecode.swift; path = SettingsViewController.swift; sourceTree = "<group>"; };
/* End PBXFileReference section */

/* Begin PBXFrameworksBuildPhase section */
		834F5B9B1C82071700183766 /* Frameworks */ = {
			isa = PBXFrameworksBuildPhase;
			buildActionMask = 2147483647;
			files = (
			);
			runOnlyForDeploymentPostprocessing = 0;
		};
/* End PBXFrameworksBuildPhase section */

/* Begin PBXGroup section */
		834F5B951C82071700183766 = {
			isa = PBXGroup;
			children = (
				834F5BA01C82071700183766 /* Tip2 */,
				834F5B9F1C82071700183766 /* Products */,
			);
			sourceTree = "<group>";
		};
		834F5B9F1C82071700183766 /* Products */ = {
			isa = PBXGroup;
			children = (
				834F5B9E1C82071700183766 /* Tip2.app */,
			);
			name = Products;
			sourceTree = "<group>";
		};
		834F5BA01C82071700183766 /* Tip2 */ = {
			isa = PBXGroup;
			children = (
				834F5BA11C82071700183766 /* AppDelegate.swift */,
				834F5BA31C82071700183766 /* ViewController.swift */,
				834F5BA51C82071700183766 /* Main.storyboard */,
				834F5BAB1C82071700183766 /* Assets.xcassets */,
				834F5BAD1C82071700183766 /* LaunchScreen.storyboard */,
				834F5BB01C82071700183766 /* Info.plist */,
				834F5BA81C82071700183766 /* Tip2.xcdatamodeld */,
				834F5BB61C8207D900183766 /* SettingsViewController.swift */,
			);
			path = Tip2;
			sourceTree = "<group>";
		};
/* End PBXGroup section */

/* Begin PBXNativeTarget section */
		834F5B9D1C82071700183766 /* Tip2 */ = {
			isa = PBXNativeTarget;
			buildConfigurationList = 834F5BB31C82071700183766 /* Build configuration list for PBXNativeTarget "Tip2" */;
			buildPhases = (
				834F5B9A1C82071700183766 /* Sources */,
				834F5B9B1C82071700183766 /* Frameworks */,
				834F5B9C1C82071700183766 /* Resources */,
			);
			buildRules = (
			);
			dependencies = (
			);
			name = Tip2;
			productName = Tip2;
			productReference = 834F5B9E1C82071700183766 /* Tip2.app */;
			productType = "com.apple.product-type.application";
		};
/* End PBXNativeTarget section */

/* Begin PBXProject section */
		834F5B961C82071700183766 /* Project object */ = {
			isa = PBXProject;
			attributes = {
				LastSwiftUpdateCheck = 0720;
				LastUpgradeCheck = 0720;
				ORGANIZATIONNAME = "Thanh Dang";
				TargetAttributes = {
					834F5B9D1C82071700183766 = {
						CreatedOnToolsVersion = 7.2.1;
						DevelopmentTeam = T6PJ4SZ54Y;
					};
				};
			};
			buildConfigurationList = 834F5B991C82071700183766 /* Build configuration list for PBXProject "Tip2" */;
			compatibilityVersion = "Xcode 3.2";
			developmentRegion = English;
			hasScannedForEncodings = 0;
			knownRegions = (
				en,
				Base,
			);
			mainGroup = 834F5B951C82071700183766;
			productRefGroup = 834F5B9F1C82071700183766 /* Products */;
			projectDirPath = "";
			projectRoot = "";
			targets = (
				834F5B9D1C82071700183766 /* Tip2 */,
			);
		};
/* End PBXProject section */

/* Begin PBXResourcesBuildPhase section */
		834F5B9C1C82071700183766 /* Resources */ = {
			isa = PBXResourcesBuildPhase;
			buildActionMask = 2147483647;
			files = (
				834F5BAF1C82071700183766 /* LaunchScreen.storyboard in Resources */,
				834F5BAC1C82071700183766 /* Assets.xcassets in Resources */,
				834F5BA71C82071700183766 /* Main.storyboard in Resources */,
			);
			runOnlyForDeploymentPostprocessing = 0;
		};
/* End PBXResourcesBuildPhase section */

/* Begin PBXSourcesBuildPhase section */
		834F5B9A1C82071700183766 /* Sources */ = {
			isa = PBXSourcesBuildPhase;
			buildActionMask = 2147483647;
			files = (
				834F5BA41C82071700183766 /* ViewController.swift in Sources */,
				834F5BA21C82071700183766 /* AppDelegate.swift in Sources */,
				834F5BAA1C82071700183766 /* Tip2.xcdatamodeld in Sources */,
				834F5BB71C8207D900183766 /* SettingsViewController.swift in Sources */,
			);
			runOnlyForDeploymentPostprocessing = 0;
		};
/* End PBXSourcesBuildPhase section */

/* Begin PBXVariantGroup section */
		834F5BA51C82071700183766 /* Main.storyboard */ = {
			isa = PBXVariantGroup;
			children = (
				834F5BA61C82071700183766 /* Base */,
			);
			name = Main.storyboard;
			sourceTree = "<group>";
		};
		834F5BAD1C82071700183766 /* LaunchScreen.storyboard */ = {
			isa = PBXVariantGroup;
			children = (
				834F5BAE1C82071700183766 /* Base */,
			);
			name = LaunchScreen.storyboard;
			sourceTree = "<group>";
		};
/* End PBXVariantGroup section */

/* Begin XCBuildConfiguration section */
		834F5BB11C82071700183766 /* Debug */ = {
			isa = XCBuildConfiguration;
			buildSettings = {
				ALWAYS_SEARCH_USER_PATHS = NO;
				CLANG_CXX_LANGUAGE_STANDARD = "gnu++0x";
				CLANG_CXX_LIBRARY = "libc++";
				CLANG_ENABLE_MODULES = YES;
				CLANG_ENABLE_OBJC_ARC = YES;
				CLANG_WARN_BOOL_CONVERSION = YES;
				CLANG_WARN_CONSTANT_CONVERSION = YES;
				CLANG_WARN_DIRECT_OBJC_ISA_USAGE = YES_ERROR;
				CLANG_WARN_EMPTY_BODY = YES;
				CLANG_WARN_ENUM_CONVERSION = YES;
				CLANG_WARN_INT_CONVERSION = YES;
				CLANG_WARN_OBJC_ROOT_CLASS = YES_ERROR;
				CLANG_WARN_UNREACHABLE_CODE = YES;
				CLANG_WARN__DUPLICATE_METHOD_MATCH = YES;
				"CODE_SIGN_IDENTITY[sdk=iphoneos*]" = "iPhone Developer";
				COPY_PHASE_STRIP = NO;
				DEBUG_INFORMATION_FORMAT = dwarf;
				ENABLE_STRICT_OBJC_MSGSEND = YES;
				ENABLE_TESTABILITY = YES;
				GCC_C_LANGUAGE_STANDARD = gnu99;
				GCC_DYNAMIC_NO_PIC = NO;
				GCC_NO_COMMON_BLOCKS = YES;
				GCC_OPTIMIZATION_LEVEL = 0;
				GCC_PREPROCESSOR_DEFINITIONS = (
					"DEBUG=1",
					"$(inherited)",
				);
				GCC_WARN_64_TO_32_BIT_CONVERSION = YES;
				GCC_WARN_ABOUT_RETURN_TYPE = YES_ERROR;
				GCC_WARN_UNDECLARED_SELECTOR = YES;
				GCC_WARN_UNINITIALIZED_AUTOS = YES_AGGRESSIVE;
				GCC_WARN_UNUSED_FUNCTION = YES;
				GCC_WARN_UNUSED_VARIABLE = YES;
				IPHONEOS_DEPLOYMENT_TARGET = 9.2;
				MTL_ENABLE_DEBUG_INFO = YES;
				ONLY_ACTIVE_ARCH = YES;
				SDKROOT = iphoneos;
				SWIFT_OPTIMIZATION_LEVEL = "-Onone";
			};
			name = Debug;
		};
		834F5BB21C82071700183766 /* Release */ = {
			isa = XCBuildConfiguration;
			buildSettings = {
				ALWAYS_SEARCH_USER_PATHS = NO;
				CLANG_CXX_LANGUAGE_STANDARD = "gnu++0x";
				CLANG_CXX_LIBRARY = "libc++";
				CLANG_ENABLE_MODULES = YES;
				CLANG_ENABLE_OBJC_ARC = YES;
				CLANG_WARN_BOOL_CONVERSION = YES;
				CLANG_WARN_CONSTANT_CONVERSION = YES;
				CLANG_WARN_DIRECT_OBJC_ISA_USAGE = YES_ERROR;
				CLANG_WARN_EMPTY_BODY = YES;
				CLANG_WARN_ENUM_CONVERSION = YES;
				CLANG_WARN_INT_CONVERSION = YES;
				CLANG_WARN_OBJC_ROOT_CLASS = YES_ERROR;
				CLANG_WARN_UNREACHABLE_CODE = YES;
				CLANG_WARN__DUPLICATE_METHOD_MATCH = YES;
				"CODE_SIGN_IDENTITY[sdk=iphoneos*]" = "iPhone Developer";
				COPY_PHASE_STRIP = NO;
				DEBUG_INFORMATION_FORMAT = "dwarf-with-dsym";
				ENABLE_NS_ASSERTIONS = NO;
				ENABLE_STRICT_OBJC_MSGSEND = YES;
				GCC_C_LANGUAGE_STANDARD = gnu99;
				GCC_NO_COMMON_BLOCKS = YES;
				GCC_WARN_64_TO_32_BIT_CONVERSION = YES;
				GCC_WARN_ABOUT_RETURN_TYPE = YES_ERROR;
				GCC_WARN_UNDECLARED_SELECTOR = YES;
				GCC_WARN_UNINITIALIZED_AUTOS = YES_AGGRESSIVE;
				GCC_WARN_UNUSED_FUNCTION = YES;
				GCC_WARN_UNUSED_VARIABLE = YES;
				IPHONEOS_DEPLOYMENT_TARGET = 9.2;
				MTL_ENABLE_DEBUG_INFO = NO;
				SDKROOT = iphoneos;
				VALIDATE_PRODUCT = YES;
			};
			name = Release;
		};
		834F5BB41C82071700183766 /* Debug */ = {
			isa = XCBuildConfiguration;
			buildSettings = {
				ASSETCATALOG_COMPILER_APPICON_NAME = AppIcon;
				INFOPLIST_FILE = Tip2/Info.plist;
				LD_RUNPATH_SEARCH_PATHS = "$(inherited) @executable_path/Frameworks";
				PRODUCT_BUNDLE_IDENTIFIER = com.home.Tip2;
				PRODUCT_NAME = "$(TARGET_NAME)";
			};
			name = Debug;
		};
		834F5BB51C82071700183766 /* Release */ = {
			isa = XCBuildConfiguration;
			buildSettings = {
				ASSETCATALOG_COMPILER_APPICON_NAME = AppIcon;
				INFOPLIST_FILE = Tip2/Info.plist;
				LD_RUNPATH_SEARCH_PATHS = "$(inherited) @executable_path/Frameworks";
				PRODUCT_BUNDLE_IDENTIFIER = com.home.Tip2;
				PRODUCT_NAME = "$(TARGET_NAME)";
			};
			name = Release;
		};
/* End XCBuildConfiguration section */

/* Begin XCConfigurationList section */
		834F5B991C82071700183766 /* Build configuration list for PBXProject "Tip2" */ = {
			isa = XCConfigurationList;
			buildConfigurations = (
				834F5BB11C82071700183766 /* Debug */,
				834F5BB21C82071700183766 /* Release */,
			);
			defaultConfigurationIsVisible = 0;
			defaultConfigurationName = Release;
		};
		834F5BB31C82071700183766 /* Build configuration list for PBXNativeTarget "Tip2" */ = {
			isa = XCConfigurationList;
			buildConfigurations = (
				834F5BB41C82071700183766 /* Debug */,
				834F5BB51C82071700183766 /* Release */,
			);
			defaultConfigurationIsVisible = 0;
		};
/* End XCConfigurationList section */

/* Begin XCVersionGroup section */
		834F5BA81C82071700183766 /* Tip2.xcdatamodeld */ = {
			isa = XCVersionGroup;
			children = (
				834F5BA91C82071700183766 /* Tip2.xcdatamodel */,
			);
			currentVersion = 834F5BA91C82071700183766 /* Tip2.xcdatamodel */;
			path = Tip2.xcdatamodeld;
			sourceTree = "<group>";
			versionGroupType = wrapper.xcdatamodel;
		};
/* End XCVersionGroup section */
	};
	rootObject = 834F5B961C82071700183766 /* Project object */;
}
